
Microsoft Visual Studio Solution File, Format Version 12.00
# Visual Studio Version 17
VisualStudioVersion = 17.1.32210.238
MinimumVisualStudioVersion = 10.0.40219.1
Project("{FAE04EC0-301F-11D3-BF4B-00C04F79EFBC}") = "RemoveDuplicateElementInArray", "RemoveDuplicateElementInArray\RemoveDuplicateElementInArray.csproj", "{AC384C52-81ED-4A22-ADEB-1820C7E1EC51}"
EndProject
Global
	GlobalSection(SolutionConfigurationPlatforms) = preSolution
		Debug|Any CPU = Debug|Any CPU
		Release|Any CPU = Release|Any CPU
	EndGlobalSection
	GlobalSection(ProjectConfigurationPlatforms) = postSolution
		{AC384C52-81ED-4A22-ADEB-1820C7E1EC51}.Debug|Any CPU.ActiveCfg = Debug|Any CPU
		{AC384C52-81ED-4A22-ADEB-1820C7E1EC51}.Debug|Any CPU.Build.0 = Debug|Any CPU
		{AC384C52-81ED-4A22-ADEB-1820C7E1EC51}.Release|Any CPU.ActiveCfg = Release|Any CPU
		{AC384C52-81ED-4A22-ADEB-1820C7E1EC51}.Release|Any CPU.Build.0 = Release|Any CPU
	EndGlobalSection
	GlobalSection(SolutionProperties) = preSolution
		HideSolutionNode = FALSE
	EndGlobalSection
	GlobalSection(ExtensibilityGlobals) = postSolution
		SolutionGuid = {5E979B4F-B3F6-4B77-BD8F-225A7B8C085D}
	EndGlobalSection
EndGlobal
