
Microsoft Visual Studio Solution File, Format Version 12.00
# Visual Studio Version 17
VisualStudioVersion = 17.1.32210.238
MinimumVisualStudioVersion = 10.0.40219.1
Project("{FAE04EC0-301F-11D3-BF4B-00C04F79EFBC}") = "Second_Max_number", "Second_Max_number\Second_Max_number.csproj", "{D80D4C46-D6EB-4F74-988B-B5DD3909D0AA}"
EndProject
Project("{FAE04EC0-301F-11D3-BF4B-00C04F79EFBC}") = "MaxNumber.Application", "MaxNumber.Application\MaxNumber.Application.csproj", "{480893C1-3EFA-449C-AF67-404CE8A10AC4}"
EndProject
Global
	GlobalSection(SolutionConfigurationPlatforms) = preSolution
		Debug|Any CPU = Debug|Any CPU
		Release|Any CPU = Release|Any CPU
	EndGlobalSection
	GlobalSection(ProjectConfigurationPlatforms) = postSolution
		{D80D4C46-D6EB-4F74-988B-B5DD3909D0AA}.Debug|Any CPU.ActiveCfg = Debug|Any CPU
		{D80D4C46-D6EB-4F74-988B-B5DD3909D0AA}.Debug|Any CPU.Build.0 = Debug|Any CPU
		{D80D4C46-D6EB-4F74-988B-B5DD3909D0AA}.Release|Any CPU.ActiveCfg = Release|Any CPU
		{D80D4C46-D6EB-4F74-988B-B5DD3909D0AA}.Release|Any CPU.Build.0 = Release|Any CPU
		{480893C1-3EFA-449C-AF67-404CE8A10AC4}.Debug|Any CPU.ActiveCfg = Debug|Any CPU
		{480893C1-3EFA-449C-AF67-404CE8A10AC4}.Debug|Any CPU.Build.0 = Debug|Any CPU
		{480893C1-3EFA-449C-AF67-404CE8A10AC4}.Release|Any CPU.ActiveCfg = Release|Any CPU
		{480893C1-3EFA-449C-AF67-404CE8A10AC4}.Release|Any CPU.Build.0 = Release|Any CPU
	EndGlobalSection
	GlobalSection(SolutionProperties) = preSolution
		HideSolutionNode = FALSE
	EndGlobalSection
	GlobalSection(ExtensibilityGlobals) = postSolution
		SolutionGuid = {01456160-3095-43D9-8A07-43D11078EE8A}
	EndGlobalSection
EndGlobal
