
Microsoft Visual Studio Solution File, Format Version 12.00
# Visual Studio Version 17
VisualStudioVersion = 17.1.32210.238
MinimumVisualStudioVersion = 10.0.40219.1
Project("{FAE04EC0-301F-11D3-BF4B-00C04F79EFBC}") = "Swapping_without_thirdVariable", "Swapping_without_thirdVariable\Swapping_without_thirdVariable.csproj", "{FD5EE186-4A47-48C3-96B0-B82E68651B71}"
EndProject
Global
	GlobalSection(SolutionConfigurationPlatforms) = preSolution
		Debug|Any CPU = Debug|Any CPU
		Release|Any CPU = Release|Any CPU
	EndGlobalSection
	GlobalSection(ProjectConfigurationPlatforms) = postSolution
		{FD5EE186-4A47-48C3-96B0-B82E68651B71}.Debug|Any CPU.ActiveCfg = Debug|Any CPU
		{FD5EE186-4A47-48C3-96B0-B82E68651B71}.Debug|Any CPU.Build.0 = Debug|Any CPU
		{FD5EE186-4A47-48C3-96B0-B82E68651B71}.Release|Any CPU.ActiveCfg = Release|Any CPU
		{FD5EE186-4A47-48C3-96B0-B82E68651B71}.Release|Any CPU.Build.0 = Release|Any CPU
	EndGlobalSection
	GlobalSection(SolutionProperties) = preSolution
		HideSolutionNode = FALSE
	EndGlobalSection
	GlobalSection(ExtensibilityGlobals) = postSolution
		SolutionGuid = {A0ACC80A-E1B4-417D-8BCB-3C73C4F36BED}
	EndGlobalSection
EndGlobal
